PODS:
  - Cartography (4.0.0)
  - ObjectMapper (4.2.0)
  - RxCocoa (6.5.0):
    - RxRelay (= 6.5.0)
    - RxSwift (= 6.5.0)
  - RxGesture (4.0.4):
    - RxCocoa (~> 6.0)
    - RxSwift (~> 6.0)
  - RxRelay (6.5.0):
    - RxSwift (= 6.5.0)
  - RxSwift (6.5.0)
  - SwiftDate (6.3.1)

DEPENDENCIES:
  - Cartography
  - ObjectMapper
  - RxCocoa
  - RxGesture
  - RxSwift
  - SwiftDate

SPEC REPOS:
  trunk:
    - Cartography
    - ObjectMapper
    - RxCocoa
    - RxGesture
    - RxRelay
    - RxSwift
    - SwiftDate

SPEC CHECKSUMS:
  Cartography: c5626d29056b20f1e95c017326ee4df57cc39ad8
  ObjectMapper: 1eb41f610210777375fa806bf161dc39fb832b81
  RxCocoa: 94f817b71c07517321eb4f9ad299112ca8af743b
  RxGesture: f3efb47ed2d26a8082f7b660d4a59970e275a7f8
  RxRelay: 1de1523e604c72b6c68feadedd1af3b1b4d0ecbd
  RxSwift: 5710a9e6b17f3c3d6e40d6e559b9fa1e813b2ef8
  SwiftDate: 72d28954e8e1c6c1c0f917ccc8005e4f83c7d4b2

PODFILE CHECKSUM: 5f0be2764827e5968612ef21fa63fb9e62b5333a

COCOAPODS: 1.11.3
